
Microsoft Visual Studio Solution File, Format Version 12.00
Project("{FAE04EC0-301F-11D3-BF4B-00C04F79EFBC}") = "KomprecseRle", "KomprecseRle\KomprecseRle.csproj", "{C59B73F8-8A6F-467A-9923-07283DF25211}"
EndProject
Global
	GlobalSection(SolutionConfigurationPlatforms) = preSolution
		Debug|Any CPU = Debug|Any CPU
		Release|Any CPU = Release|Any CPU
	EndGlobalSection
	GlobalSection(ProjectConfigurationPlatforms) = postSolution
		{C59B73F8-8A6F-467A-9923-07283DF25211}.Debug|Any CPU.ActiveCfg = Debug|Any CPU
		{C59B73F8-8A6F-467A-9923-07283DF25211}.Debug|Any CPU.Build.0 = Debug|Any CPU
		{C59B73F8-8A6F-467A-9923-07283DF25211}.Release|Any CPU.ActiveCfg = Release|Any CPU
		{C59B73F8-8A6F-467A-9923-07283DF25211}.Release|Any CPU.Build.0 = Release|Any CPU
	EndGlobalSection
EndGlobal
